
Microsoft Visual Studio Solution File, Format Version 12.00
# Visual Studio 15
VisualStudioVersion = 15.0.26730.16
MinimumVisualStudioVersion = 10.0.40219.1
Project("{FAE04EC0-301F-11D3-BF4B-00C04F79EFBC}") = "HelloWorldApp", "HelloWorldApp\HelloWorldApp.csproj", "{CA58B437-2DDA-45C3-BD34-428D26636BCC}"
EndProject
Global
	GlobalSection(SolutionConfigurationPlatforms) = preSolution
		Debug|Any CPU = Debug|Any CPU
		Release|Any CPU = Release|Any CPU
	EndGlobalSection
	GlobalSection(ProjectConfigurationPlatforms) = postSolution
		{CA58B437-2DDA-45C3-BD34-428D26636BCC}.Debug|Any CPU.ActiveCfg = Debug|Any CPU
		{CA58B437-2DDA-45C3-BD34-428D26636BCC}.Debug|Any CPU.Build.0 = Debug|Any CPU
		{CA58B437-2DDA-45C3-BD34-428D26636BCC}.Release|Any CPU.ActiveCfg = Release|Any CPU
		{CA58B437-2DDA-45C3-BD34-428D26636BCC}.Release|Any CPU.Build.0 = Release|Any CPU
	EndGlobalSection
	GlobalSection(SolutionProperties) = preSolution
		HideSolutionNode = FALSE
	EndGlobalSection
	GlobalSection(ExtensibilityGlobals) = postSolution
		SolutionGuid = {CF817440-7A89-4C22-83CE-A4AB6676C589}
	EndGlobalSection
EndGlobal
